
Microsoft Visual Studio Solution File, Format Version 12.00
# Visual Studio Version 17
VisualStudioVersion = 17.4.33122.133
MinimumVisualStudioVersion = 10.0.40219.1
Project("{2150E333-8FDC-42A3-9474-1A3956D46DE8}") = "App", "App", "{0176B169-DC4C-44AD-B7A6-1EA43E915B3D}"
EndProject
Project("{9A19103F-16F7-4668-BE54-9A1E7A4F7556}") = "SoulCrystal.Benchmark", "app\Sc.Benchmark\SoulCrystal.Benchmark.csproj", "{17248CB6-4FD1-4BDC-92B1-D61CF7B1A6CF}"
EndProject
Project("{2150E333-8FDC-42A3-9474-1A3956D46DE8}") = "Builder", "Builder", "{2311E9D5-382A-4124-A1E5-7C338D5D79FA}"
	ProjectSection(SolutionItems) = preProject
		.gitattributes = .gitattributes
		.gitignore = .gitignore
		README.md = README.md
	EndProjectSection
EndProject
Project("{2150E333-8FDC-42A3-9474-1A3956D46DE8}") = "PackageVersions", "PackageVersions", "{68F67BA5-0EB2-46DB-8788-B83B8FF00A28}"
	ProjectSection(SolutionItems) = preProject
		build\Dependencies.Microsoft.props = build\Dependencies.Microsoft.props
		build\Dependencies.Other.props = build\Dependencies.Other.props
		build\Dependencies.props = build\Dependencies.props
	EndProjectSection
EndProject
Project("{2150E333-8FDC-42A3-9474-1A3956D46DE8}") = "Props", "Props", "{3731EC2F-5D57-4647-9F0B-7069FA1EBAF6}"
	ProjectSection(SolutionItems) = preProject
		Directory.Build.props = Directory.Build.props
		app\Directory.Build.props = app\Directory.Build.props
		src\Directory.Build.props = src\Directory.Build.props
		Directory.Build.targets = Directory.Build.targets
	EndProjectSection
EndProject
Project("{2150E333-8FDC-42A3-9474-1A3956D46DE8}") = "Docs", "Docs", "{FD76AD63-49CA-48B7-81B1-1EEDCEAF3A42}"
EndProject
Project("{9A19103F-16F7-4668-BE54-9A1E7A4F7556}") = "docs", "docs\docs.csproj", "{90C0DC5A-5D34-4CF1-BEF7-D893F5A2305E}"
EndProject
Project("{2150E333-8FDC-42A3-9474-1A3956D46DE8}") = "Src", "Src", "{66C3F088-5F93-4023-98C6-CE85FC1CE6A8}"
EndProject
Project("{2150E333-8FDC-42A3-9474-1A3956D46DE8}") = "Core", "Core", "{B4A8B7F7-B5D1-4F20-B9BE-8575C73DAC79}"
EndProject
Project("{FAE04EC0-301F-11D3-BF4B-00C04F79EFBC}") = "SoulCrystal.Abstractions", "src\Sc.Abstraction\SoulCrystal.Abstractions.csproj", "{D33B41F8-3A3C-4E8A-8D92-24F5DC2F9315}"
EndProject
Project("{FAE04EC0-301F-11D3-BF4B-00C04F79EFBC}") = "SoulCrystal.Core", "src\Sc.Core\SoulCrystal.Core.csproj", "{62DBE2F9-1556-49AA-AED7-84B6B4C5C979}"
EndProject
Project("{FAE04EC0-301F-11D3-BF4B-00C04F79EFBC}") = "Sc.Robot.Abstractions", "src\Sc.Annotations\Sc.Robot.Abstractions.csproj", "{CDC509C8-CB39-48E8-A3B0-EC1411156FE8}"
EndProject
Project("{FAE04EC0-301F-11D3-BF4B-00C04F79EFBC}") = "Sc.Robot.Core", "src\Sc.Robot.Core\Sc.Robot.Core.csproj", "{445142E7-0024-4BF2-A951-56CEC30BC40B}"
EndProject
Project("{9A19103F-16F7-4668-BE54-9A1E7A4F7556}") = "Siro.Benchmarks.Web", "app\Siro.Benchmarks.Web\Siro.Benchmarks.Web.csproj", "{C843F007-B7EA-4E11-98E7-49DFED9FDF20}"
EndProject
Global
	GlobalSection(SolutionConfigurationPlatforms) = preSolution
		Debug|Any CPU = Debug|Any CPU
		Release|Any CPU = Release|Any CPU
	EndGlobalSection
	GlobalSection(ProjectConfigurationPlatforms) = postSolution
		{17248CB6-4FD1-4BDC-92B1-D61CF7B1A6CF}.Debug|Any CPU.ActiveCfg = Debug|Any CPU
		{17248CB6-4FD1-4BDC-92B1-D61CF7B1A6CF}.Debug|Any CPU.Build.0 = Debug|Any CPU
		{17248CB6-4FD1-4BDC-92B1-D61CF7B1A6CF}.Release|Any CPU.ActiveCfg = Release|Any CPU
		{17248CB6-4FD1-4BDC-92B1-D61CF7B1A6CF}.Release|Any CPU.Build.0 = Release|Any CPU
		{90C0DC5A-5D34-4CF1-BEF7-D893F5A2305E}.Debug|Any CPU.ActiveCfg = Debug|Any CPU
		{90C0DC5A-5D34-4CF1-BEF7-D893F5A2305E}.Debug|Any CPU.Build.0 = Debug|Any CPU
		{90C0DC5A-5D34-4CF1-BEF7-D893F5A2305E}.Release|Any CPU.ActiveCfg = Release|Any CPU
		{90C0DC5A-5D34-4CF1-BEF7-D893F5A2305E}.Release|Any CPU.Build.0 = Release|Any CPU
		{D33B41F8-3A3C-4E8A-8D92-24F5DC2F9315}.Debug|Any CPU.ActiveCfg = Debug|Any CPU
		{D33B41F8-3A3C-4E8A-8D92-24F5DC2F9315}.Debug|Any CPU.Build.0 = Debug|Any CPU
		{D33B41F8-3A3C-4E8A-8D92-24F5DC2F9315}.Release|Any CPU.ActiveCfg = Release|Any CPU
		{D33B41F8-3A3C-4E8A-8D92-24F5DC2F9315}.Release|Any CPU.Build.0 = Release|Any CPU
		{62DBE2F9-1556-49AA-AED7-84B6B4C5C979}.Debug|Any CPU.ActiveCfg = Debug|Any CPU
		{62DBE2F9-1556-49AA-AED7-84B6B4C5C979}.Debug|Any CPU.Build.0 = Debug|Any CPU
		{62DBE2F9-1556-49AA-AED7-84B6B4C5C979}.Release|Any CPU.ActiveCfg = Release|Any CPU
		{62DBE2F9-1556-49AA-AED7-84B6B4C5C979}.Release|Any CPU.Build.0 = Release|Any CPU
		{CDC509C8-CB39-48E8-A3B0-EC1411156FE8}.Debug|Any CPU.ActiveCfg = Debug|Any CPU
		{CDC509C8-CB39-48E8-A3B0-EC1411156FE8}.Debug|Any CPU.Build.0 = Debug|Any CPU
		{CDC509C8-CB39-48E8-A3B0-EC1411156FE8}.Release|Any CPU.ActiveCfg = Release|Any CPU
		{CDC509C8-CB39-48E8-A3B0-EC1411156FE8}.Release|Any CPU.Build.0 = Release|Any CPU
		{445142E7-0024-4BF2-A951-56CEC30BC40B}.Debug|Any CPU.ActiveCfg = Debug|Any CPU
		{445142E7-0024-4BF2-A951-56CEC30BC40B}.Debug|Any CPU.Build.0 = Debug|Any CPU
		{445142E7-0024-4BF2-A951-56CEC30BC40B}.Release|Any CPU.ActiveCfg = Release|Any CPU
		{445142E7-0024-4BF2-A951-56CEC30BC40B}.Release|Any CPU.Build.0 = Release|Any CPU
		{C843F007-B7EA-4E11-98E7-49DFED9FDF20}.Debug|Any CPU.ActiveCfg = Debug|Any CPU
		{C843F007-B7EA-4E11-98E7-49DFED9FDF20}.Debug|Any CPU.Build.0 = Debug|Any CPU
		{C843F007-B7EA-4E11-98E7-49DFED9FDF20}.Release|Any CPU.ActiveCfg = Release|Any CPU
		{C843F007-B7EA-4E11-98E7-49DFED9FDF20}.Release|Any CPU.Build.0 = Release|Any CPU
	EndGlobalSection
	GlobalSection(SolutionProperties) = preSolution
		HideSolutionNode = FALSE
	EndGlobalSection
	GlobalSection(NestedProjects) = preSolution
		{17248CB6-4FD1-4BDC-92B1-D61CF7B1A6CF} = {0176B169-DC4C-44AD-B7A6-1EA43E915B3D}
		{68F67BA5-0EB2-46DB-8788-B83B8FF00A28} = {2311E9D5-382A-4124-A1E5-7C338D5D79FA}
		{3731EC2F-5D57-4647-9F0B-7069FA1EBAF6} = {2311E9D5-382A-4124-A1E5-7C338D5D79FA}
		{90C0DC5A-5D34-4CF1-BEF7-D893F5A2305E} = {FD76AD63-49CA-48B7-81B1-1EEDCEAF3A42}
		{B4A8B7F7-B5D1-4F20-B9BE-8575C73DAC79} = {66C3F088-5F93-4023-98C6-CE85FC1CE6A8}
		{D33B41F8-3A3C-4E8A-8D92-24F5DC2F9315} = {B4A8B7F7-B5D1-4F20-B9BE-8575C73DAC79}
		{62DBE2F9-1556-49AA-AED7-84B6B4C5C979} = {B4A8B7F7-B5D1-4F20-B9BE-8575C73DAC79}
		{CDC509C8-CB39-48E8-A3B0-EC1411156FE8} = {B4A8B7F7-B5D1-4F20-B9BE-8575C73DAC79}
		{445142E7-0024-4BF2-A951-56CEC30BC40B} = {B4A8B7F7-B5D1-4F20-B9BE-8575C73DAC79}
		{C843F007-B7EA-4E11-98E7-49DFED9FDF20} = {0176B169-DC4C-44AD-B7A6-1EA43E915B3D}
	EndGlobalSection
	GlobalSection(ExtensibilityGlobals) = postSolution
		SolutionGuid = {17C3BB67-E655-4515-B72E-FA03A1FBEB3F}
	EndGlobalSection
EndGlobal
