
Microsoft Visual Studio Solution File, Format Version 12.00
# Visual Studio Version 17
VisualStudioVersion = 17.4.33122.133
MinimumVisualStudioVersion = 10.0.40219.1
Project("{2150E333-8FDC-42A3-9474-1A3956D46DE8}") = "App", "App", "{0176B169-DC4C-44AD-B7A6-1EA43E915B3D}"
EndProject
Project("{9A19103F-16F7-4668-BE54-9A1E7A4F7556}") = "SoulCrystal.Benchmark", "app\SoulCrystal.Benchmark\SoulCrystal.Benchmark.csproj", "{17248CB6-4FD1-4BDC-92B1-D61CF7B1A6CF}"
EndProject
Project("{2150E333-8FDC-42A3-9474-1A3956D46DE8}") = "Builder", "Builder", "{2311E9D5-382A-4124-A1E5-7C338D5D79FA}"
	ProjectSection(SolutionItems) = preProject
		.gitattributes = .gitattributes
		.gitignore = .gitignore
		build\Dependencies.Microsoft.props = build\Dependencies.Microsoft.props
		build\Dependencies.NetCore.props = build\Dependencies.NetCore.props
		build\Dependencies.props = build\Dependencies.props
		README.md = README.md
		build\SoulCrystal.Commons.props = build\SoulCrystal.Commons.props
		build\SoulCrystal.Commons.targets = build\SoulCrystal.Commons.targets
	EndProjectSection
EndProject
Project("{2150E333-8FDC-42A3-9474-1A3956D46DE8}") = "Docs", "Docs", "{FD76AD63-49CA-48B7-81B1-1EEDCEAF3A42}"
EndProject
Project("{9A19103F-16F7-4668-BE54-9A1E7A4F7556}") = "docs", "docs\docs.csproj", "{90C0DC5A-5D34-4CF1-BEF7-D893F5A2305E}"
EndProject
Project("{2150E333-8FDC-42A3-9474-1A3956D46DE8}") = "Src", "Src", "{66C3F088-5F93-4023-98C6-CE85FC1CE6A8}"
EndProject
Project("{2150E333-8FDC-42A3-9474-1A3956D46DE8}") = "Core", "Core", "{B4A8B7F7-B5D1-4F20-B9BE-8575C73DAC79}"
EndProject
Project("{9A19103F-16F7-4668-BE54-9A1E7A4F7556}") = "SoulCrystal.Abstractions", "src\SoulCrystal.Abstractions\SoulCrystal.Abstractions.csproj", "{F574BB9F-C186-44CF-B344-D9B68D0E9563}"
EndProject
Project("{9A19103F-16F7-4668-BE54-9A1E7A4F7556}") = "SoulCrystal.Core", "src\SoulCrystal.Core\SoulCrystal.Core.csproj", "{9FDF14F7-8C5F-4564-9A48-12F395AD856A}"
EndProject
Project("{9A19103F-16F7-4668-BE54-9A1E7A4F7556}") = "SoulCrystal.Webstie", "app\SoulCrystal.Webstie\SoulCrystal.Webstie.csproj", "{5EFBBACF-6D2D-44EC-8B77-62EB73EB5275}"
EndProject
Project("{2150E333-8FDC-42A3-9474-1A3956D46DE8}") = "SoulCrystal.App", "SoulCrystal.App", "{501437D3-2638-4B2A-8F0B-EC01D1485406}"
	ProjectSection(SolutionItems) = preProject
		app\Directory.Build.props = app\Directory.Build.props
		app\Directory.Build.targets = app\Directory.Build.targets
	EndProjectSection
EndProject
Project("{2150E333-8FDC-42A3-9474-1A3956D46DE8}") = "SoulCrystal.Core", "SoulCrystal.Core", "{97771133-EF81-4FCE-96E5-E503A3F8CB5C}"
	ProjectSection(SolutionItems) = preProject
		src\Directory.Build.props = src\Directory.Build.props
		src\Directory.Build.targets = src\Directory.Build.targets
	EndProjectSection
EndProject
Project("{FAE04EC0-301F-11D3-BF4B-00C04F79EFBC}") = "SoulCrystal.Logging.NLog", "src\SoulCrystal.Logging.NLog\SoulCrystal.Logging.NLog.csproj", "{E433C7C0-2982-4D4B-B3AC-9FF078FFA5DA}"
EndProject
Project("{FAE04EC0-301F-11D3-BF4B-00C04F79EFBC}") = "SoulCrystal.Webstie.New", "app\SoulCrystal.Webstie.New\SoulCrystal.Webstie.New.csproj", "{912CE41F-49E9-4F4D-839E-BAFDC7CDCBD7}"
EndProject
Global
	GlobalSection(SolutionConfigurationPlatforms) = preSolution
		Debug|Any CPU = Debug|Any CPU
		Release|Any CPU = Release|Any CPU
	EndGlobalSection
	GlobalSection(ProjectConfigurationPlatforms) = postSolution
		{17248CB6-4FD1-4BDC-92B1-D61CF7B1A6CF}.Debug|Any CPU.ActiveCfg = Debug|Any CPU
		{17248CB6-4FD1-4BDC-92B1-D61CF7B1A6CF}.Debug|Any CPU.Build.0 = Debug|Any CPU
		{17248CB6-4FD1-4BDC-92B1-D61CF7B1A6CF}.Release|Any CPU.ActiveCfg = Release|Any CPU
		{17248CB6-4FD1-4BDC-92B1-D61CF7B1A6CF}.Release|Any CPU.Build.0 = Release|Any CPU
		{90C0DC5A-5D34-4CF1-BEF7-D893F5A2305E}.Debug|Any CPU.ActiveCfg = Debug|Any CPU
		{90C0DC5A-5D34-4CF1-BEF7-D893F5A2305E}.Debug|Any CPU.Build.0 = Debug|Any CPU
		{90C0DC5A-5D34-4CF1-BEF7-D893F5A2305E}.Release|Any CPU.ActiveCfg = Release|Any CPU
		{90C0DC5A-5D34-4CF1-BEF7-D893F5A2305E}.Release|Any CPU.Build.0 = Release|Any CPU
		{F574BB9F-C186-44CF-B344-D9B68D0E9563}.Debug|Any CPU.ActiveCfg = Debug|Any CPU
		{F574BB9F-C186-44CF-B344-D9B68D0E9563}.Debug|Any CPU.Build.0 = Debug|Any CPU
		{F574BB9F-C186-44CF-B344-D9B68D0E9563}.Release|Any CPU.ActiveCfg = Release|Any CPU
		{F574BB9F-C186-44CF-B344-D9B68D0E9563}.Release|Any CPU.Build.0 = Release|Any CPU
		{9FDF14F7-8C5F-4564-9A48-12F395AD856A}.Debug|Any CPU.ActiveCfg = Debug|Any CPU
		{9FDF14F7-8C5F-4564-9A48-12F395AD856A}.Debug|Any CPU.Build.0 = Debug|Any CPU
		{9FDF14F7-8C5F-4564-9A48-12F395AD856A}.Release|Any CPU.ActiveCfg = Release|Any CPU
		{9FDF14F7-8C5F-4564-9A48-12F395AD856A}.Release|Any CPU.Build.0 = Release|Any CPU
		{5EFBBACF-6D2D-44EC-8B77-62EB73EB5275}.Debug|Any CPU.ActiveCfg = Debug|Any CPU
		{5EFBBACF-6D2D-44EC-8B77-62EB73EB5275}.Debug|Any CPU.Build.0 = Debug|Any CPU
		{5EFBBACF-6D2D-44EC-8B77-62EB73EB5275}.Release|Any CPU.ActiveCfg = Release|Any CPU
		{5EFBBACF-6D2D-44EC-8B77-62EB73EB5275}.Release|Any CPU.Build.0 = Release|Any CPU
		{E433C7C0-2982-4D4B-B3AC-9FF078FFA5DA}.Debug|Any CPU.ActiveCfg = Debug|Any CPU
		{E433C7C0-2982-4D4B-B3AC-9FF078FFA5DA}.Debug|Any CPU.Build.0 = Debug|Any CPU
		{E433C7C0-2982-4D4B-B3AC-9FF078FFA5DA}.Release|Any CPU.ActiveCfg = Release|Any CPU
		{E433C7C0-2982-4D4B-B3AC-9FF078FFA5DA}.Release|Any CPU.Build.0 = Release|Any CPU
		{912CE41F-49E9-4F4D-839E-BAFDC7CDCBD7}.Debug|Any CPU.ActiveCfg = Debug|Any CPU
		{912CE41F-49E9-4F4D-839E-BAFDC7CDCBD7}.Debug|Any CPU.Build.0 = Debug|Any CPU
		{912CE41F-49E9-4F4D-839E-BAFDC7CDCBD7}.Release|Any CPU.ActiveCfg = Release|Any CPU
		{912CE41F-49E9-4F4D-839E-BAFDC7CDCBD7}.Release|Any CPU.Build.0 = Release|Any CPU
	EndGlobalSection
	GlobalSection(SolutionProperties) = preSolution
		HideSolutionNode = FALSE
	EndGlobalSection
	GlobalSection(NestedProjects) = preSolution
		{17248CB6-4FD1-4BDC-92B1-D61CF7B1A6CF} = {0176B169-DC4C-44AD-B7A6-1EA43E915B3D}
		{90C0DC5A-5D34-4CF1-BEF7-D893F5A2305E} = {FD76AD63-49CA-48B7-81B1-1EEDCEAF3A42}
		{B4A8B7F7-B5D1-4F20-B9BE-8575C73DAC79} = {66C3F088-5F93-4023-98C6-CE85FC1CE6A8}
		{F574BB9F-C186-44CF-B344-D9B68D0E9563} = {B4A8B7F7-B5D1-4F20-B9BE-8575C73DAC79}
		{9FDF14F7-8C5F-4564-9A48-12F395AD856A} = {B4A8B7F7-B5D1-4F20-B9BE-8575C73DAC79}
		{5EFBBACF-6D2D-44EC-8B77-62EB73EB5275} = {0176B169-DC4C-44AD-B7A6-1EA43E915B3D}
		{501437D3-2638-4B2A-8F0B-EC01D1485406} = {2311E9D5-382A-4124-A1E5-7C338D5D79FA}
		{97771133-EF81-4FCE-96E5-E503A3F8CB5C} = {2311E9D5-382A-4124-A1E5-7C338D5D79FA}
		{E433C7C0-2982-4D4B-B3AC-9FF078FFA5DA} = {B4A8B7F7-B5D1-4F20-B9BE-8575C73DAC79}
		{912CE41F-49E9-4F4D-839E-BAFDC7CDCBD7} = {0176B169-DC4C-44AD-B7A6-1EA43E915B3D}
	EndGlobalSection
	GlobalSection(ExtensibilityGlobals) = postSolution
		SolutionGuid = {17C3BB67-E655-4515-B72E-FA03A1FBEB3F}
	EndGlobalSection
EndGlobal
